
Microsoft Visual Studio Solution File, Format Version 12.00
# Visual Studio Version 16
VisualStudioVersion = 16.0.30320.27
MinimumVisualStudioVersion = 10.0.40219.1
Project("{8BC9CEB8-8B4A-11D0-8D11-00A0C91BC942}") = "HomeExercise4.1", "HomeExercise4.1\HomeExercise4.1.vcxproj", "{FD039B56-549D-416D-AAA6-90EF72E356AE}"
EndProject
Project("{8BC9CEB8-8B4A-11D0-8D11-00A0C91BC942}") = "HomeExercise4.2", "HomeExercise4.2\HomeExercise4.2.vcxproj", "{FFBC9DA4-6AA4-4E8F-A0C2-839301A46B8E}"
EndProject
Project("{8BC9CEB8-8B4A-11D0-8D11-00A0C91BC942}") = "HomeExercise4.3", "HomeExercise4.3\HomeExercise4.3.vcxproj", "{0DDF42EB-1FC7-4C5A-BE4C-3EC69861AA29}"
EndProject
Project("{8BC9CEB8-8B4A-11D0-8D11-00A0C91BC942}") = "HomeExercise4.4", "HomeExercise4.4\HomeExercise4.4.vcxproj", "{2AFAFF18-94A0-476C-9DF4-08578AFCC11E}"
EndProject
Global
	GlobalSection(SolutionConfigurationPlatforms) = preSolution
		Debug|x64 = Debug|x64
		Debug|x86 = Debug|x86
		Release|x64 = Release|x64
		Release|x86 = Release|x86
	EndGlobalSection
	GlobalSection(ProjectConfigurationPlatforms) = postSolution
		{FD039B56-549D-416D-AAA6-90EF72E356AE}.Debug|x64.ActiveCfg = Debug|x64
		{FD039B56-549D-416D-AAA6-90EF72E356AE}.Debug|x64.Build.0 = Debug|x64
		{FD039B56-549D-416D-AAA6-90EF72E356AE}.Debug|x86.ActiveCfg = Debug|Win32
		{FD039B56-549D-416D-AAA6-90EF72E356AE}.Debug|x86.Build.0 = Debug|Win32
		{FD039B56-549D-416D-AAA6-90EF72E356AE}.Release|x64.ActiveCfg = Release|x64
		{FD039B56-549D-416D-AAA6-90EF72E356AE}.Release|x64.Build.0 = Release|x64
		{FD039B56-549D-416D-AAA6-90EF72E356AE}.Release|x86.ActiveCfg = Release|Win32
		{FD039B56-549D-416D-AAA6-90EF72E356AE}.Release|x86.Build.0 = Release|Win32
		{FFBC9DA4-6AA4-4E8F-A0C2-839301A46B8E}.Debug|x64.ActiveCfg = Debug|x64
		{FFBC9DA4-6AA4-4E8F-A0C2-839301A46B8E}.Debug|x64.Build.0 = Debug|x64
		{FFBC9DA4-6AA4-4E8F-A0C2-839301A46B8E}.Debug|x86.ActiveCfg = Debug|Win32
		{FFBC9DA4-6AA4-4E8F-A0C2-839301A46B8E}.Debug|x86.Build.0 = Debug|Win32
		{FFBC9DA4-6AA4-4E8F-A0C2-839301A46B8E}.Release|x64.ActiveCfg = Release|x64
		{FFBC9DA4-6AA4-4E8F-A0C2-839301A46B8E}.Release|x64.Build.0 = Release|x64
		{FFBC9DA4-6AA4-4E8F-A0C2-839301A46B8E}.Release|x86.ActiveCfg = Release|Win32
		{FFBC9DA4-6AA4-4E8F-A0C2-839301A46B8E}.Release|x86.Build.0 = Release|Win32
		{0DDF42EB-1FC7-4C5A-BE4C-3EC69861AA29}.Debug|x64.ActiveCfg = Debug|x64
		{0DDF42EB-1FC7-4C5A-BE4C-3EC69861AA29}.Debug|x64.Build.0 = Debug|x64
		{0DDF42EB-1FC7-4C5A-BE4C-3EC69861AA29}.Debug|x86.ActiveCfg = Debug|Win32
		{0DDF42EB-1FC7-4C5A-BE4C-3EC69861AA29}.Debug|x86.Build.0 = Debug|Win32
		{0DDF42EB-1FC7-4C5A-BE4C-3EC69861AA29}.Release|x64.ActiveCfg = Release|x64
		{0DDF42EB-1FC7-4C5A-BE4C-3EC69861AA29}.Release|x64.Build.0 = Release|x64
		{0DDF42EB-1FC7-4C5A-BE4C-3EC69861AA29}.Release|x86.ActiveCfg = Release|Win32
		{0DDF42EB-1FC7-4C5A-BE4C-3EC69861AA29}.Release|x86.Build.0 = Release|Win32
		{2AFAFF18-94A0-476C-9DF4-08578AFCC11E}.Debug|x64.ActiveCfg = Debug|x64
		{2AFAFF18-94A0-476C-9DF4-08578AFCC11E}.Debug|x64.Build.0 = Debug|x64
		{2AFAFF18-94A0-476C-9DF4-08578AFCC11E}.Debug|x86.ActiveCfg = Debug|Win32
		{2AFAFF18-94A0-476C-9DF4-08578AFCC11E}.Debug|x86.Build.0 = Debug|Win32
		{2AFAFF18-94A0-476C-9DF4-08578AFCC11E}.Release|x64.ActiveCfg = Release|x64
		{2AFAFF18-94A0-476C-9DF4-08578AFCC11E}.Release|x64.Build.0 = Release|x64
		{2AFAFF18-94A0-476C-9DF4-08578AFCC11E}.Release|x86.ActiveCfg = Release|Win32
		{2AFAFF18-94A0-476C-9DF4-08578AFCC11E}.Release|x86.Build.0 = Release|Win32
	EndGlobalSection
	GlobalSection(SolutionProperties) = preSolution
		HideSolutionNode = FALSE
	EndGlobalSection
	GlobalSection(ExtensibilityGlobals) = postSolution
		SolutionGuid = {32BF7105-F642-43BD-B53C-2AAAA308721B}
	EndGlobalSection
EndGlobal
